
Microsoft Visual Studio Solution File, Format Version 12.00
# Visual Studio 15
VisualStudioVersion = 15.0.28307.960
MinimumVisualStudioVersion = 10.0.40219.1
Project("{FAE04EC0-301F-11D3-BF4B-00C04F79EFBC}") = "EntitiyFrameworkUrunTakibi", "EntitiyFrameworkUrunTakibi\EntitiyFrameworkUrunTakibi.csproj", "{76FF5178-1327-4D88-9C12-925759895852}"
EndProject
Global
	GlobalSection(SolutionConfigurationPlatforms) = preSolution
		Debug|Any CPU = Debug|Any CPU
		Release|Any CPU = Release|Any CPU
	EndGlobalSection
	GlobalSection(ProjectConfigurationPlatforms) = postSolution
		{76FF5178-1327-4D88-9C12-925759895852}.Debug|Any CPU.ActiveCfg = Debug|Any CPU
		{76FF5178-1327-4D88-9C12-925759895852}.Debug|Any CPU.Build.0 = Debug|Any CPU
		{76FF5178-1327-4D88-9C12-925759895852}.Release|Any CPU.ActiveCfg = Release|Any CPU
		{76FF5178-1327-4D88-9C12-925759895852}.Release|Any CPU.Build.0 = Release|Any CPU
	EndGlobalSection
	GlobalSection(SolutionProperties) = preSolution
		HideSolutionNode = FALSE
	EndGlobalSection
	GlobalSection(ExtensibilityGlobals) = postSolution
		SolutionGuid = {AF7CD235-48F5-4B50-9597-0774C118A6BD}
	EndGlobalSection
EndGlobal
